# This file is autogenerated, do not edit; changes may be undone by the next 'dep ensure'.


[[projects]]
  name = "github.com/aws/aws-sdk-go"
  packages = ["aws","aws/awserr","aws/awsutil","aws/client","aws/client/metadata","aws/corehandlers","aws/credentials","aws/credentials/ec2rolecreds","aws/credentials/endpointcreds","aws/credentials/processcreds","aws/credentials/stscreds","aws/crr","aws/csm","aws/defaults","aws/ec2metadata","aws/endpoints","aws/request","aws/session","aws/signer/v4","internal/ini","internal/sdkio","internal/sdkrand","internal/sdkuri","internal/shareddefaults","private/protocol","private/protocol/json/jsonutil","private/protocol/jsonrpc","private/protocol/query","private/protocol/query/queryutil","private/protocol/rest","private/protocol/xml/xmlutil","service/dynamodb","service/dynamodb/dynamodbattribute","service/kinesis","service/sts"]
  revision = "81f3829f5a9d041041bdf56e55926691309d7699"
  version = "v1.16.26"

[[projects]]
  branch = "master"
  name = "github.com/golang/mock"
  packages = ["gomock","mockgen","mockgen/model"]
  revision = "2105010f04ec0f4d7a7335a70547be132ebd7b7b"

[[projects]]
  name = "github.com/gorilla/context"
  packages = ["."]
  revision = "08b5f424b9271eedf6f9f0ce86cb9396ed337a42"
  version = "v1.1.1"

[[projects]]
  name = "github.com/gorilla/mux"
  packages = ["."]
  revision = "e3702bed27f0d39777b0b37b664b6280e8ef8fbf"
  version = "v1.6.2"

[[projects]]
  name = "github.com/jmespath/go-jmespath"
  packages = ["."]
  revision = "c2b33e84"

[[projects]]
  name = "github.com/satori/go.uuid"
  packages = ["."]
  revision = "f58768cc1a7a7e77a3bd49e98cdd21419399b6a3"
  version = "v1.2.0"

[[projects]]
  branch = "master"
  name = "golang.org/x/tools"
  packages = ["go/ast/astutil","go/gcexportdata","go/internal/gcimporter","go/internal/packagesdriver","go/packages","go/types/typeutil","internal/fastwalk","internal/gopathwalk","internal/semver"]
  revision = "1d95b17f1b046c395bb6a29c453b501d267151d3"

[solve-meta]
  analyzer-name = "dep"
  analyzer-version = 1
  inputs-digest = "db8d5e499e86036e9fdd98f5d58897254e0c456a6a813f241035da6deb9314d9"
  solver-name = "gps-cdcl"
  solver-version = 1
